
Microsoft Visual Studio Solution File, Format Version 12.00
# Visual Studio 2012
Project("{FAE04EC0-301F-11D3-BF4B-00C04F79EFBC}") = "WindowsFormsApplication1", "WindowsFormsApplication1\WindowsFormsApplication1.csproj", "{67D539E8-CD38-46F8-A9C2-46E2DBB1404A}"
EndProject
Global
	GlobalSection(SolutionConfigurationPlatforms) = preSolution
		Debug|Any CPU = Debug|Any CPU
		Release|Any CPU = Release|Any CPU
	EndGlobalSection
	GlobalSection(ProjectConfigurationPlatforms) = postSolution
		{67D539E8-CD38-46F8-A9C2-46E2DBB1404A}.Debug|Any CPU.ActiveCfg = Debug|Any CPU
		{67D539E8-CD38-46F8-A9C2-46E2DBB1404A}.Debug|Any CPU.Build.0 = Debug|Any CPU
		{67D539E8-CD38-46F8-A9C2-46E2DBB1404A}.Release|Any CPU.ActiveCfg = Release|Any CPU
		{67D539E8-CD38-46F8-A9C2-46E2DBB1404A}.Release|Any CPU.Build.0 = Release|Any CPU
	EndGlobalSection
	GlobalSection(SolutionProperties) = preSolution
		HideSolutionNode = FALSE
	EndGlobalSection
EndGlobal
